
Microsoft Visual Studio Solution File, Format Version 12.00
# Visual Studio Version 17
VisualStudioVersion = 17.11.35303.130
MinimumVisualStudioVersion = 10.0.40219.1
Project("{FAE04EC0-301F-11D3-BF4B-00C04F79EFBC}") = "ClinicCore", "ClinicCore\ClinicCore.csproj", "{6F2F5F0F-F5B4-4F59-8A0B-8644A2D0A772}"
EndProject
Project("{FAE04EC0-301F-11D3-BF4B-00C04F79EFBC}") = "ClinicCore.Tests", "ClinicCore.Tests\ClinicCore.Tests.csproj", "{F68BB092-F0CD-48F3-A22D-8FA2E38EED03}"
EndProject
Global
	GlobalSection(SolutionConfigurationPlatforms) = preSolution
		Debug|Any CPU = Debug|Any CPU
		Release|Any CPU = Release|Any CPU
	EndGlobalSection
	GlobalSection(ProjectConfigurationPlatforms) = postSolution
		{6F2F5F0F-F5B4-4F59-8A0B-8644A2D0A772}.Debug|Any CPU.ActiveCfg = Debug|Any CPU
		{6F2F5F0F-F5B4-4F59-8A0B-8644A2D0A772}.Debug|Any CPU.Build.0 = Debug|Any CPU
		{6F2F5F0F-F5B4-4F59-8A0B-8644A2D0A772}.Release|Any CPU.ActiveCfg = Release|Any CPU
		{6F2F5F0F-F5B4-4F59-8A0B-8644A2D0A772}.Release|Any CPU.Build.0 = Release|Any CPU
		{F68BB092-F0CD-48F3-A22D-8FA2E38EED03}.Debug|Any CPU.ActiveCfg = Debug|Any CPU
		{F68BB092-F0CD-48F3-A22D-8FA2E38EED03}.Debug|Any CPU.Build.0 = Debug|Any CPU
		{F68BB092-F0CD-48F3-A22D-8FA2E38EED03}.Release|Any CPU.ActiveCfg = Release|Any CPU
		{F68BB092-F0CD-48F3-A22D-8FA2E38EED03}.Release|Any CPU.Build.0 = Release|Any CPU
	EndGlobalSection
	GlobalSection(SolutionProperties) = preSolution
		HideSolutionNode = FALSE
	EndGlobalSection
	GlobalSection(ExtensibilityGlobals) = postSolution
		SolutionGuid = {ECFE9308-EDC7-4042-BF1B-6A669E1C65B6}
	EndGlobalSection
EndGlobal
